
Microsoft Visual Studio Solution File, Format Version 12.00
# Visual Studio 15
VisualStudioVersion = 15.0.27130.2036
MinimumVisualStudioVersion = 10.0.40219.1
Project("{FAE04EC0-301F-11D3-BF4B-00C04F79EFBC}") = "Maelstrom", "Maelstrom\Maelstrom.csproj", "{F48AE70A-4212-4A7B-A328-505FCB92E0B0}"
EndProject
Global
	GlobalSection(SolutionConfigurationPlatforms) = preSolution
		Debug|Any CPU = Debug|Any CPU
		Release|Any CPU = Release|Any CPU
	EndGlobalSection
	GlobalSection(ProjectConfigurationPlatforms) = postSolution
		{F48AE70A-4212-4A7B-A328-505FCB92E0B0}.Debug|Any CPU.ActiveCfg = Debug|Any CPU
		{F48AE70A-4212-4A7B-A328-505FCB92E0B0}.Debug|Any CPU.Build.0 = Debug|Any CPU
		{F48AE70A-4212-4A7B-A328-505FCB92E0B0}.Release|Any CPU.ActiveCfg = Release|Any CPU
		{F48AE70A-4212-4A7B-A328-505FCB92E0B0}.Release|Any CPU.Build.0 = Release|Any CPU
	EndGlobalSection
	GlobalSection(SolutionProperties) = preSolution
		HideSolutionNode = FALSE
	EndGlobalSection
	GlobalSection(ExtensibilityGlobals) = postSolution
		SolutionGuid = {26025E96-DC53-4D1D-8DC4-B488F94A9C92}
	EndGlobalSection
EndGlobal
