
Microsoft Visual Studio Solution File, Format Version 12.00
# Visual Studio Version 16
VisualStudioVersion = 16.0.32126.315
MinimumVisualStudioVersion = 10.0.40219.1
Project("{FAE04EC0-301F-11D3-BF4B-00C04F79EFBC}") = "ShatteredAndShuffledBruteForce", "ShatteredAndShuffledBruteForce\ShatteredAndShuffledBruteForce.csproj", "{1099668B-D9EA-42E0-9887-F8B42B0C8ABC}"
EndProject
Global
	GlobalSection(SolutionConfigurationPlatforms) = preSolution
		Debug|Any CPU = Debug|Any CPU
		Release|Any CPU = Release|Any CPU
	EndGlobalSection
	GlobalSection(ProjectConfigurationPlatforms) = postSolution
		{1099668B-D9EA-42E0-9887-F8B42B0C8ABC}.Debug|Any CPU.ActiveCfg = Debug|Any CPU
		{1099668B-D9EA-42E0-9887-F8B42B0C8ABC}.Debug|Any CPU.Build.0 = Debug|Any CPU
		{1099668B-D9EA-42E0-9887-F8B42B0C8ABC}.Release|Any CPU.ActiveCfg = Release|Any CPU
		{1099668B-D9EA-42E0-9887-F8B42B0C8ABC}.Release|Any CPU.Build.0 = Release|Any CPU
	EndGlobalSection
	GlobalSection(SolutionProperties) = preSolution
		HideSolutionNode = FALSE
	EndGlobalSection
	GlobalSection(ExtensibilityGlobals) = postSolution
		SolutionGuid = {D163EE6A-EC03-43D0-98A4-96DA89B5BAFC}
	EndGlobalSection
EndGlobal
